// !$*UTF8*$!
{
	archiveVersion = 1;
	classes = {
	};
	objectVersion = 56;
	objects = {

/* Begin PBXBuildFile section */
		1FE122542CD7D81E00A6E69E /* CurrencyConverterApp.swift in Sources */ = {isa = PBXBuildFile; fileRef = 1FE122532CD7D81E00A6E69E /* CurrencyConverterApp.swift */; };
		1FE122562CD7D81E00A6E69E /* ContentView.swift in Sources */ = {isa = PBXBuildFile; fileRef = 1FE122552CD7D81E00A6E69E /* ContentView.swift */; };
		1FE122582CD7D81F00A6E69E /* Assets.xcassets in Resources */ = {isa = PBXBuildFile; fileRef = 1FE122572CD7D81F00A6E69E /* Assets.xcassets */; };
		1FE1225B2CD7D81F00A6E69E /* Preview Assets.xcassets in Resources */ = {isa = PBXBuildFile; fileRef = 1FE1225A2CD7D81F00A6E69E /* Preview Assets.xcassets */; };
		1FE122652CD7D81F00A6E69E /* CurrencyConverterTests.swift in Sources */ = {isa = PBXBuildFile; fileRef = 1FE122642CD7D81F00A6E69E /* CurrencyConverterTests.swift */; };
		1FE1226F2CD7D81F00A6E69E /* CurrencyConverterUITests.swift in Sources */ = {isa = PBXBuildFile; fileRef = 1FE1226E2CD7D81F00A6E69E /* CurrencyConverterUITests.swift */; };
		1FE122712CD7D81F00A6E69E /* CurrencyConverterUITestsLaunchTests.swift in Sources */ = {isa = PBXBuildFile; fileRef = 1FE122702CD7D81F00A6E69E /* CurrencyConverterUITestsLaunchTests.swift */; };
		1FE122892CD8ED5500A6E69E /* CurrencyViewModel.swift in Sources */ = {isa = PBXBuildFile; fileRef = 1FE122882CD8ED5500A6E69E /* CurrencyViewModel.swift */; };
		1FE1228B2CD8ED6F00A6E69E /* Rates.swift in Sources */ = {isa = PBXBuildFile; fileRef = 1FE1228A2CD8ED6F00A6E69E /* Rates.swift */; };
/* End PBXBuildFile section */

/* Begin PBXContainerItemProxy section */
		1FE122612CD7D81F00A6E69E /* PBXContainerItemProxy */ = {
			isa = PBXContainerItemProxy;
			containerPortal = 1FE122482CD7D81E00A6E69E /* Project object */;
			proxyType = 1;
			remoteGlobalIDString = 1FE1224F2CD7D81E00A6E69E;
			remoteInfo = CurrencyConverter;
		};
		1FE1226B2CD7D81F00A6E69E /* PBXContainerItemProxy */ = {
			isa = PBXContainerItemProxy;
			containerPortal = 1FE122482CD7D81E00A6E69E /* Project object */;
			proxyType = 1;
			remoteGlobalIDString = 1FE1224F2CD7D81E00A6E69E;
			remoteInfo = CurrencyConverter;
		};
/* End PBXContainerItemProxy section */

/* Begin PBXFileReference section */
		1FE122502CD7D81E00A6E69E /* CurrencyConverter.app */ = {isa = PBXFileReference; explicitFileType = wrapper.application; includeInIndex = 0; path = CurrencyConverter.app; sourceTree = BUILT_PRODUCTS_DIR; };
		1FE122532CD7D81E00A6E69E /* CurrencyConverterApp.swift */ = {isa = PBXFileReference; lastKnownFileType = sourcecode.swift; path = CurrencyConverterApp.swift; sourceTree = "<group>"; };
		1FE122552CD7D81E00A6E69E /* ContentView.swift */ = {isa = PBXFileReference; lastKnownFileType = sourcecode.swift; path = ContentView.swift; sourceTree = "<group>"; };
		1FE122572CD7D81F00A6E69E /* Assets.xcassets */ = {isa = PBXFileReference; lastKnownFileType = folder.assetcatalog; path = Assets.xcassets; sourceTree = "<group>"; };
		1FE1225A2CD7D81F00A6E69E /* Preview Assets.xcassets */ = {isa = PBXFileReference; lastKnownFileType = folder.assetcatalog; path = "Preview Assets.xcassets"; sourceTree = "<group>"; };
		1FE122602CD7D81F00A6E69E /* CurrencyConverterTests.xctest */ = {isa = PBXFileReference; explicitFileType = wrapper.cfbundle; includeInIndex = 0; path = CurrencyConverterTests.xctest; sourceTree = BUILT_PRODUCTS_DIR; };
		1FE122642CD7D81F00A6E69E /* CurrencyConverterTests.swift */ = {isa = PBXFileReference; lastKnownFileType = sourcecode.swift; path = CurrencyConverterTests.swift; sourceTree = "<group>"; };
		1FE1226A2CD7D81F00A6E69E /* CurrencyConverterUITests.xctest */ = {isa = PBXFileReference; explicitFileType = wrapper.cfbundle; includeInIndex = 0; path = CurrencyConverterUITests.xctest; sourceTree = BUILT_PRODUCTS_DIR; };
		1FE1226E2CD7D81F00A6E69E /* CurrencyConverterUITests.swift */ = {isa = PBXFileReference; lastKnownFileType = sourcecode.swift; path = CurrencyConverterUITests.swift; sourceTree = "<group>"; };
		1FE122702CD7D81F00A6E69E /* CurrencyConverterUITestsLaunchTests.swift */ = {isa = PBXFileReference; lastKnownFileType = sourcecode.swift; path = CurrencyConverterUITestsLaunchTests.swift; sourceTree = "<group>"; };
		1FE122882CD8ED5500A6E69E /* CurrencyViewModel.swift */ = {isa = PBXFileReference; lastKnownFileType = sourcecode.swift; path = CurrencyViewModel.swift; sourceTree = "<group>"; };
		1FE1228A2CD8ED6F00A6E69E /* Rates.swift */ = {isa = PBXFileReference; lastKnownFileType = sourcecode.swift; path = Rates.swift; sourceTree = "<group>"; };
/* End PBXFileReference section */

/* Begin PBXFrameworksBuildPhase section */
		1FE1224D2CD7D81E00A6E69E /* Frameworks */ = {
			isa = PBXFrameworksBuildPhase;
			buildActionMask = 2147483647;
			files = (
			);
			runOnlyForDeploymentPostprocessing = 0;
		};
		1FE1225D2CD7D81F00A6E69E /* Frameworks */ = {
			isa = PBXFrameworksBuildPhase;
			buildActionMask = 2147483647;
			files = (
			);
			runOnlyForDeploymentPostprocessing = 0;
		};
		1FE122672CD7D81F00A6E69E /* Frameworks */ = {
			isa = PBXFrameworksBuildPhase;
			buildActionMask = 2147483647;
			files = (
			);
			runOnlyForDeploymentPostprocessing = 0;
		};
/* End PBXFrameworksBuildPhase section */

/* Begin PBXGroup section */
		1FE122472CD7D81E00A6E69E = {
			isa = PBXGroup;
			children = (
				1FE122522CD7D81E00A6E69E /* CurrencyConverter */,
				1FE122632CD7D81F00A6E69E /* CurrencyConverterTests */,
				1FE1226D2CD7D81F00A6E69E /* CurrencyConverterUITests */,
				1FE122512CD7D81E00A6E69E /* Products */,
			);
			sourceTree = "<group>";
		};
		1FE122512CD7D81E00A6E69E /* Products */ = {
			isa = PBXGroup;
			children = (
				1FE122502CD7D81E00A6E69E /* CurrencyConverter.app */,
				1FE122602CD7D81F00A6E69E /* CurrencyConverterTests.xctest */,
				1FE1226A2CD7D81F00A6E69E /* CurrencyConverterUITests.xctest */,
			);
			name = Products;
			sourceTree = "<group>";
		};
		1FE122522CD7D81E00A6E69E /* CurrencyConverter */ = {
			isa = PBXGroup;
			children = (
				1FE122802CD7E35000A6E69E /* Model */,
				1FE1227F2CD7E33900A6E69E /* ViewModel */,
				1FE122532CD7D81E00A6E69E /* CurrencyConverterApp.swift */,
				1FE122552CD7D81E00A6E69E /* ContentView.swift */,
				1FE122572CD7D81F00A6E69E /* Assets.xcassets */,
				1FE122592CD7D81F00A6E69E /* Preview Content */,
			);
			path = CurrencyConverter;
			sourceTree = "<group>";
		};
		1FE122592CD7D81F00A6E69E /* Preview Content */ = {
			isa = PBXGroup;
			children = (
				1FE1225A2CD7D81F00A6E69E /* Preview Assets.xcassets */,
			);
			path = "Preview Content";
			sourceTree = "<group>";
		};
		1FE122632CD7D81F00A6E69E /* CurrencyConverterTests */ = {
			isa = PBXGroup;
			children = (
				1FE122642CD7D81F00A6E69E /* CurrencyConverterTests.swift */,
			);
			path = CurrencyConverterTests;
			sourceTree = "<group>";
		};
		1FE1226D2CD7D81F00A6E69E /* CurrencyConverterUITests */ = {
			isa = PBXGroup;
			children = (
				1FE1226E2CD7D81F00A6E69E /* CurrencyConverterUITests.swift */,
				1FE122702CD7D81F00A6E69E /* CurrencyConverterUITestsLaunchTests.swift */,
			);
			path = CurrencyConverterUITests;
			sourceTree = "<group>";
		};
		1FE1227F2CD7E33900A6E69E /* ViewModel */ = {
			isa = PBXGroup;
			children = (
				1FE122882CD8ED5500A6E69E /* CurrencyViewModel.swift */,
			);
			path = ViewModel;
			sourceTree = "<group>";
		};
		1FE122802CD7E35000A6E69E /* Model */ = {
			isa = PBXGroup;
			children = (
				1FE1228A2CD8ED6F00A6E69E /* Rates.swift */,
			);
			path = Model;
			sourceTree = "<group>";
		};
/* End PBXGroup section */

/* Begin PBXNativeTarget section */
		1FE1224F2CD7D81E00A6E69E /* CurrencyConverter */ = {
			isa = PBXNativeTarget;
			buildConfigurationList = 1FE122742CD7D81F00A6E69E /* Build configuration list for PBXNativeTarget "CurrencyConverter" */;
			buildPhases = (
				1FE1224C2CD7D81E00A6E69E /* Sources */,
				1FE1224D2CD7D81E00A6E69E /* Frameworks */,
				1FE1224E2CD7D81E00A6E69E /* Resources */,
			);
			buildRules = (
			);
			dependencies = (
			);
			name = CurrencyConverter;
			productName = CurrencyConverter;
			productReference = 1FE122502CD7D81E00A6E69E /* CurrencyConverter.app */;
			productType = "com.apple.product-type.application";
		};
		1FE1225F2CD7D81F00A6E69E /* CurrencyConverterTests */ = {
			isa = PBXNativeTarget;
			buildConfigurationList = 1FE122772CD7D81F00A6E69E /* Build configuration list for PBXNativeTarget "CurrencyConverterTests" */;
			buildPhases = (
				1FE1225C2CD7D81F00A6E69E /* Sources */,
				1FE1225D2CD7D81F00A6E69E /* Frameworks */,
				1FE1225E2CD7D81F00A6E69E /* Resources */,
			);
			buildRules = (
			);
			dependencies = (
				1FE122622CD7D81F00A6E69E /* PBXTargetDependency */,
			);
			name = CurrencyConverterTests;
			productName = CurrencyConverterTests;
			productReference = 1FE122602CD7D81F00A6E69E /* CurrencyConverterTests.xctest */;
			productType = "com.apple.product-type.bundle.unit-test";
		};
		1FE122692CD7D81F00A6E69E /* CurrencyConverterUITests */ = {
			isa = PBXNativeTarget;
			buildConfigurationList = 1FE1227A2CD7D81F00A6E69E /* Build configuration list for PBXNativeTarget "CurrencyConverterUITests" */;
			buildPhases = (
				1FE122662CD7D81F00A6E69E /* Sources */,
				1FE122672CD7D81F00A6E69E /* Frameworks */,
				1FE122682CD7D81F00A6E69E /* Resources */,
			);
			buildRules = (
			);
			dependencies = (
				1FE1226C2CD7D81F00A6E69E /* PBXTargetDependency */,
			);
			name = CurrencyConverterUITests;
			productName = CurrencyConverterUITests;
			productReference = 1FE1226A2CD7D81F00A6E69E /* CurrencyConverterUITests.xctest */;
			productType = "com.apple.product-type.bundle.ui-testing";
		};
/* End PBXNativeTarget section */

/* Begin PBXProject section */
		1FE122482CD7D81E00A6E69E /* Project object */ = {
			isa = PBXProject;
			attributes = {
				BuildIndependentTargetsInParallel = 1;
				LastSwiftUpdateCheck = 1540;
				LastUpgradeCheck = 1540;
				TargetAttributes = {
					1FE1224F2CD7D81E00A6E69E = {
						CreatedOnToolsVersion = 15.4;
					};
					1FE1225F2CD7D81F00A6E69E = {
						CreatedOnToolsVersion = 15.4;
						TestTargetID = 1FE1224F2CD7D81E00A6E69E;
					};
					1FE122692CD7D81F00A6E69E = {
						CreatedOnToolsVersion = 15.4;
						TestTargetID = 1FE1224F2CD7D81E00A6E69E;
					};
				};
			};
			buildConfigurationList = 1FE1224B2CD7D81E00A6E69E /* Build configuration list for PBXProject "CurrencyConverter" */;
			compatibilityVersion = "Xcode 14.0";
			developmentRegion = en;
			hasScannedForEncodings = 0;
			knownRegions = (
				en,
				Base,
			);
			mainGroup = 1FE122472CD7D81E00A6E69E;
			productRefGroup = 1FE122512CD7D81E00A6E69E /* Products */;
			projectDirPath = "";
			projectRoot = "";
			targets = (
				1FE1224F2CD7D81E00A6E69E /* CurrencyConverter */,
				1FE1225F2CD7D81F00A6E69E /* CurrencyConverterTests */,
				1FE122692CD7D81F00A6E69E /* CurrencyConverterUITests */,
			);
		};
/* End PBXProject section */

/* Begin PBXResourcesBuildPhase section */
		1FE1224E2CD7D81E00A6E69E /* Resources */ = {
			isa = PBXResourcesBuildPhase;
			buildActionMask = 2147483647;
			files = (
				1FE1225B2CD7D81F00A6E69E /* Preview Assets.xcassets in Resources */,
				1FE122582CD7D81F00A6E69E /* Assets.xcassets in Resources */,
			);
			runOnlyForDeploymentPostprocessing = 0;
		};
		1FE1225E2CD7D81F00A6E69E /* Resources */ = {
			isa = PBXResourcesBuildPhase;
			buildActionMask = 2147483647;
			files = (
			);
			runOnlyForDeploymentPostprocessing = 0;
		};
		1FE122682CD7D81F00A6E69E /* Resources */ = {
			isa = PBXResourcesBuildPhase;
			buildActionMask = 2147483647;
			files = (
			);
			runOnlyForDeploymentPostprocessing = 0;
		};
/* End PBXResourcesBuildPhase section */

/* Begin PBXSourcesBuildPhase section */
		1FE1224C2CD7D81E00A6E69E /* Sources */ = {
			isa = PBXSourcesBuildPhase;
			buildActionMask = 2147483647;
			files = (
				1FE122562CD7D81E00A6E69E /* ContentView.swift in Sources */,
				1FE1228B2CD8ED6F00A6E69E /* Rates.swift in Sources */,
				1FE122892CD8ED5500A6E69E /* CurrencyViewModel.swift in Sources */,
				1FE122542CD7D81E00A6E69E /* CurrencyConverterApp.swift in Sources */,
			);
			runOnlyForDeploymentPostprocessing = 0;
		};
		1FE1225C2CD7D81F00A6E69E /* Sources */ = {
			isa = PBXSourcesBuildPhase;
			buildActionMask = 2147483647;
			files = (
				1FE122652CD7D81F00A6E69E /* CurrencyConverterTests.swift in Sources */,
			);
			runOnlyForDeploymentPostprocessing = 0;
		};
		1FE122662CD7D81F00A6E69E /* Sources */ = {
			isa = PBXSourcesBuildPhase;
			buildActionMask = 2147483647;
			files = (
				1FE122712CD7D81F00A6E69E /* CurrencyConverterUITestsLaunchTests.swift in Sources */,
				1FE1226F2CD7D81F00A6E69E /* CurrencyConverterUITests.swift in Sources */,
			);
			runOnlyForDeploymentPostprocessing = 0;
		};
/* End PBXSourcesBuildPhase section */

/* Begin PBXTargetDependency section */
		1FE122622CD7D81F00A6E69E /* PBXTargetDependency */ = {
			isa = PBXTargetDependency;
			target = 1FE1224F2CD7D81E00A6E69E /* CurrencyConverter */;
			targetProxy = 1FE122612CD7D81F00A6E69E /* PBXContainerItemProxy */;
		};
		1FE1226C2CD7D81F00A6E69E /* PBXTargetDependency */ = {
			isa = PBXTargetDependency;
			target = 1FE1224F2CD7D81E00A6E69E /* CurrencyConverter */;
			targetProxy = 1FE1226B2CD7D81F00A6E69E /* PBXContainerItemProxy */;
		};
/* End PBXTargetDependency section */

/* Begin XCBuildConfiguration section */
		1FE122722CD7D81F00A6E69E /* Debug */ = {
			isa = XCBuildConfiguration;
			buildSettings = {
				ALWAYS_SEARCH_USER_PATHS = NO;
				ASSETCATALOG_COMPILER_GENERATE_SWIFT_ASSET_SYMBOL_EXTENSIONS = YES;
				CLANG_ANALYZER_NONNULL = YES;
				CLANG_ANALYZER_NUMBER_OBJECT_CONVERSION = YES_AGGRESSIVE;
				CLANG_CXX_LANGUAGE_STANDARD = "gnu++20";
				CLANG_ENABLE_MODULES = YES;
				CLANG_ENABLE_OBJC_ARC = YES;
				CLANG_ENABLE_OBJC_WEAK = YES;
				CLANG_WARN_BLOCK_CAPTURE_AUTORELEASING = YES;
				CLANG_WARN_BOOL_CONVERSION = YES;
				CLANG_WARN_COMMA = YES;
				CLANG_WARN_CONSTANT_CONVERSION = YES;
				CLANG_WARN_DEPRECATED_OBJC_IMPLEMENTATIONS = YES;
				CLANG_WARN_DIRECT_OBJC_ISA_USAGE = YES_ERROR;
				CLANG_WARN_DOCUMENTATION_COMMENTS = YES;
				CLANG_WARN_EMPTY_BODY = YES;
				CLANG_WARN_ENUM_CONVERSION = YES;
				CLANG_WARN_INFINITE_RECURSION = YES;
				CLANG_WARN_INT_CONVERSION = YES;
				CLANG_WARN_NON_LITERAL_NULL_CONVERSION = YES;
				CLANG_WARN_OBJC_IMPLICIT_RETAIN_SELF = YES;
				CLANG_WARN_OBJC_LITERAL_CONVERSION = YES;
				CLANG_WARN_OBJC_ROOT_CLASS = YES_ERROR;
				CLANG_WARN_QUOTED_INCLUDE_IN_FRAMEWORK_HEADER = YES;
				CLANG_WARN_RANGE_LOOP_ANALYSIS = YES;
				CLANG_WARN_STRICT_PROTOTYPES = YES;
				CLANG_WARN_SUSPICIOUS_MOVE = YES;
				CLANG_WARN_UNGUARDED_AVAILABILITY = YES_AGGRESSIVE;
				CLANG_WARN_UNREACHABLE_CODE = YES;
				CLANG_WARN__DUPLICATE_METHOD_MATCH = YES;
				COPY_PHASE_STRIP = NO;
				DEBUG_INFORMATION_FORMAT = dwarf;
				ENABLE_STRICT_OBJC_MSGSEND = YES;
				ENABLE_TESTABILITY = YES;
				ENABLE_USER_SCRIPT_SANDBOXING = YES;
				GCC_C_LANGUAGE_STANDARD = gnu17;
				GCC_DYNAMIC_NO_PIC = NO;
				GCC_NO_COMMON_BLOCKS = YES;
				GCC_OPTIMIZATION_LEVEL = 0;
				GCC_PREPROCESSOR_DEFINITIONS = (
					"DEBUG=1",
					"$(inherited)",
				);
				GCC_WARN_64_TO_32_BIT_CONVERSION = YES;
				GCC_WARN_ABOUT_RETURN_TYPE = YES_ERROR;
				GCC_WARN_UNDECLARED_SELECTOR = YES;
				GCC_WARN_UNINITIALIZED_AUTOS = YES_AGGRESSIVE;
				GCC_WARN_UNUSED_FUNCTION = YES;
				GCC_WARN_UNUSED_VARIABLE = YES;
				IPHONEOS_DEPLOYMENT_TARGET = 17.5;
				LOCALIZATION_PREFERS_STRING_CATALOGS = YES;
				MTL_ENABLE_DEBUG_INFO = INCLUDE_SOURCE;
				MTL_FAST_MATH = YES;
				ONLY_ACTIVE_ARCH = YES;
				SDKROOT = iphoneos;
				SWIFT_ACTIVE_COMPILATION_CONDITIONS = "DEBUG $(inherited)";
				SWIFT_OPTIMIZATION_LEVEL = "-Onone";
			};
			name = Debug;
		};
		1FE122732CD7D81F00A6E69E /* Release */ = {
			isa = XCBuildConfiguration;
			buildSettings = {
				ALWAYS_SEARCH_USER_PATHS = NO;
				ASSETCATALOG_COMPILER_GENERATE_SWIFT_ASSET_SYMBOL_EXTENSIONS = YES;
				CLANG_ANALYZER_NONNULL = YES;
				CLANG_ANALYZER_NUMBER_OBJECT_CONVERSION = YES_AGGRESSIVE;
				CLANG_CXX_LANGUAGE_STANDARD = "gnu++20";
				CLANG_ENABLE_MODULES = YES;
				CLANG_ENABLE_OBJC_ARC = YES;
				CLANG_ENABLE_OBJC_WEAK = YES;
				CLANG_WARN_BLOCK_CAPTURE_AUTORELEASING = YES;
				CLANG_WARN_BOOL_CONVERSION = YES;
				CLANG_WARN_COMMA = YES;
				CLANG_WARN_CONSTANT_CONVERSION = YES;
				CLANG_WARN_DEPRECATED_OBJC_IMPLEMENTATIONS = YES;
				CLANG_WARN_DIRECT_OBJC_ISA_USAGE = YES_ERROR;
				CLANG_WARN_DOCUMENTATION_COMMENTS = YES;
				CLANG_WARN_EMPTY_BODY = YES;
				CLANG_WARN_ENUM_CONVERSION = YES;
				CLANG_WARN_INFINITE_RECURSION = YES;
				CLANG_WARN_INT_CONVERSION = YES;
				CLANG_WARN_NON_LITERAL_NULL_CONVERSION = YES;
				CLANG_WARN_OBJC_IMPLICIT_RETAIN_SELF = YES;
				CLANG_WARN_OBJC_LITERAL_CONVERSION = YES;
				CLANG_WARN_OBJC_ROOT_CLASS = YES_ERROR;
				CLANG_WARN_QUOTED_INCLUDE_IN_FRAMEWORK_HEADER = YES;
				CLANG_WARN_RANGE_LOOP_ANALYSIS = YES;
				CLANG_WARN_STRICT_PROTOTYPES = YES;
				CLANG_WARN_SUSPICIOUS_MOVE = YES;
				CLANG_WARN_UNGUARDED_AVAILABILITY = YES_AGGRESSIVE;
				CLANG_WARN_UNREACHABLE_CODE = YES;
				CLANG_WARN__DUPLICATE_METHOD_MATCH = YES;
				COPY_PHASE_STRIP = NO;
				DEBUG_INFORMATION_FORMAT = "dwarf-with-dsym";
				ENABLE_NS_ASSERTIONS = NO;
				ENABLE_STRICT_OBJC_MSGSEND = YES;
				ENABLE_USER_SCRIPT_SANDBOXING = YES;
				GCC_C_LANGUAGE_STANDARD = gnu17;
				GCC_NO_COMMON_BLOCKS = YES;
				GCC_WARN_64_TO_32_BIT_CONVERSION = YES;
				GCC_WARN_ABOUT_RETURN_TYPE = YES_ERROR;
				GCC_WARN_UNDECLARED_SELECTOR = YES;
				GCC_WARN_UNINITIALIZED_AUTOS = YES_AGGRESSIVE;
				GCC_WARN_UNUSED_FUNCTION = YES;
				GCC_WARN_UNUSED_VARIABLE = YES;
				IPHONEOS_DEPLOYMENT_TARGET = 17.5;
				LOCALIZATION_PREFERS_STRING_CATALOGS = YES;
				MTL_ENABLE_DEBUG_INFO = NO;
				MTL_FAST_MATH = YES;
				SDKROOT = iphoneos;
				SWIFT_COMPILATION_MODE = wholemodule;
				VALIDATE_PRODUCT = YES;
			};
			name = Release;
		};
		1FE122752CD7D81F00A6E69E /* Debug */ = {
			isa = XCBuildConfiguration;
			buildSettings = {
				ASSETCATALOG_COMPILER_APPICON_NAME = AppIcon;
				ASSETCATALOG_COMPILER_GLOBAL_ACCENT_COLOR_NAME = AccentColor;
				CODE_SIGN_STYLE = Automatic;
				CURRENT_PROJECT_VERSION = 1;
				DEVELOPMENT_ASSET_PATHS = "\"CurrencyConverter/Preview Content\"";
				ENABLE_PREVIEWS = YES;
				GENERATE_INFOPLIST_FILE = YES;
				INFOPLIST_KEY_UIApplicationSceneManifest_Generation = YES;
				INFOPLIST_KEY_UIApplicationSupportsIndirectInputEvents = YES;
				INFOPLIST_KEY_UILaunchScreen_Generation = YES;
				INFOPLIST_KEY_UISupportedInterfaceOrientations_iPad = "UIInterfaceOrientationPortrait UIInterfaceOrientationPortraitUpsideDown UIInterfaceOrientationLandscapeLeft UIInterfaceOrientationLandscapeRight";
				INFOPLIST_KEY_UISupportedInterfaceOrientations_iPhone = "UIInterfaceOrientationPortrait UIInterfaceOrientationLandscapeLeft UIInterfaceOrientationLandscapeRight";
				LD_RUNPATH_SEARCH_PATHS = (
					"$(inherited)",
					"@executable_path/Frameworks",
				);
				MARKETING_VERSION = 1.0;
				PRODUCT_BUNDLE_IDENTIFIER = com.nhanhuynh.CurrencyConverter;
				PRODUCT_NAME = "$(TARGET_NAME)";
				SWIFT_EMIT_LOC_STRINGS = YES;
				SWIFT_VERSION = 5.0;
				TARGETED_DEVICE_FAMILY = "1,2";
			};
			name = Debug;
		};
		1FE122762CD7D81F00A6E69E /* Release */ = {
			isa = XCBuildConfiguration;
			buildSettings = {
				ASSETCATALOG_COMPILER_APPICON_NAME = AppIcon;
				ASSETCATALOG_COMPILER_GLOBAL_ACCENT_COLOR_NAME = AccentColor;
				CODE_SIGN_STYLE = Automatic;
				CURRENT_PROJECT_VERSION = 1;
				DEVELOPMENT_ASSET_PATHS = "\"CurrencyConverter/Preview Content\"";
				ENABLE_PREVIEWS = YES;
				GENERATE_INFOPLIST_FILE = YES;
				INFOPLIST_KEY_UIApplicationSceneManifest_Generation = YES;
				INFOPLIST_KEY_UIApplicationSupportsIndirectInputEvents = YES;
				INFOPLIST_KEY_UILaunchScreen_Generation = YES;
				INFOPLIST_KEY_UISupportedInterfaceOrientations_iPad = "UIInterfaceOrientationPortrait UIInterfaceOrientationPortraitUpsideDown UIInterfaceOrientationLandscapeLeft UIInterfaceOrientationLandscapeRight";
				INFOPLIST_KEY_UISupportedInterfaceOrientations_iPhone = "UIInterfaceOrientationPortrait UIInterfaceOrientationLandscapeLeft UIInterfaceOrientationLandscapeRight";
				LD_RUNPATH_SEARCH_PATHS = (
					"$(inherited)",
					"@executable_path/Frameworks",
				);
				MARKETING_VERSION = 1.0;
				PRODUCT_BUNDLE_IDENTIFIER = com.nhanhuynh.CurrencyConverter;
				PRODUCT_NAME = "$(TARGET_NAME)";
				SWIFT_EMIT_LOC_STRINGS = YES;
				SWIFT_VERSION = 5.0;
				TARGETED_DEVICE_FAMILY = "1,2";
			};
			name = Release;
		};
		1FE122782CD7D81F00A6E69E /* Debug */ = {
			isa = XCBuildConfiguration;
			buildSettings = {
				ALWAYS_EMBED_SWIFT_STANDARD_LIBRARIES = YES;
				BUNDLE_LOADER = "$(TEST_HOST)";
				CODE_SIGN_STYLE = Automatic;
				CURRENT_PROJECT_VERSION = 1;
				GENERATE_INFOPLIST_FILE = YES;
				IPHONEOS_DEPLOYMENT_TARGET = 17.5;
				MARKETING_VERSION = 1.0;
				PRODUCT_BUNDLE_IDENTIFIER = com.nhanhuynh.CurrencyConverterTests;
				PRODUCT_NAME = "$(TARGET_NAME)";
				SWIFT_EMIT_LOC_STRINGS = NO;
				SWIFT_VERSION = 5.0;
				TARGETED_DEVICE_FAMILY = "1,2";
				TEST_HOST = "$(BUILT_PRODUCTS_DIR)/CurrencyConverter.app/$(BUNDLE_EXECUTABLE_FOLDER_PATH)/CurrencyConverter";
			};
			name = Debug;
		};
		1FE122792CD7D81F00A6E69E /* Release */ = {
			isa = XCBuildConfiguration;
			buildSettings = {
				ALWAYS_EMBED_SWIFT_STANDARD_LIBRARIES = YES;
				BUNDLE_LOADER = "$(TEST_HOST)";
				CODE_SIGN_STYLE = Automatic;
				CURRENT_PROJECT_VERSION = 1;
				GENERATE_INFOPLIST_FILE = YES;
				IPHONEOS_DEPLOYMENT_TARGET = 17.5;
				MARKETING_VERSION = 1.0;
				PRODUCT_BUNDLE_IDENTIFIER = com.nhanhuynh.CurrencyConverterTests;
				PRODUCT_NAME = "$(TARGET_NAME)";
				SWIFT_EMIT_LOC_STRINGS = NO;
				SWIFT_VERSION = 5.0;
				TARGETED_DEVICE_FAMILY = "1,2";
				TEST_HOST = "$(BUILT_PRODUCTS_DIR)/CurrencyConverter.app/$(BUNDLE_EXECUTABLE_FOLDER_PATH)/CurrencyConverter";
			};
			name = Release;
		};
		1FE1227B2CD7D81F00A6E69E /* Debug */ = {
			isa = XCBuildConfiguration;
			buildSettings = {
				ALWAYS_EMBED_SWIFT_STANDARD_LIBRARIES = YES;
				CODE_SIGN_STYLE = Automatic;
				CURRENT_PROJECT_VERSION = 1;
				GENERATE_INFOPLIST_FILE = YES;
				MARKETING_VERSION = 1.0;
				PRODUCT_BUNDLE_IDENTIFIER = com.nhanhuynh.CurrencyConverterUITests;
				PRODUCT_NAME = "$(TARGET_NAME)";
				SWIFT_EMIT_LOC_STRINGS = NO;
				SWIFT_VERSION = 5.0;
				TARGETED_DEVICE_FAMILY = "1,2";
				TEST_TARGET_NAME = CurrencyConverter;
			};
			name = Debug;
		};
		1FE1227C2CD7D81F00A6E69E /* Release */ = {
			isa = XCBuildConfiguration;
			buildSettings = {
				ALWAYS_EMBED_SWIFT_STANDARD_LIBRARIES = YES;
				CODE_SIGN_STYLE = Automatic;
				CURRENT_PROJECT_VERSION = 1;
				GENERATE_INFOPLIST_FILE = YES;
				MARKETING_VERSION = 1.0;
				PRODUCT_BUNDLE_IDENTIFIER = com.nhanhuynh.CurrencyConverterUITests;
				PRODUCT_NAME = "$(TARGET_NAME)";
				SWIFT_EMIT_LOC_STRINGS = NO;
				SWIFT_VERSION = 5.0;
				TARGETED_DEVICE_FAMILY = "1,2";
				TEST_TARGET_NAME = CurrencyConverter;
			};
			name = Release;
		};
/* End XCBuildConfiguration section */

/* Begin XCConfigurationList section */
		1FE1224B2CD7D81E00A6E69E /* Build configuration list for PBXProject "CurrencyConverter" */ = {
			isa = XCConfigurationList;
			buildConfigurations = (
				1FE122722CD7D81F00A6E69E /* Debug */,
				1FE122732CD7D81F00A6E69E /* Release */,
			);
			defaultConfigurationIsVisible = 0;
			defaultConfigurationName = Release;
		};
		1FE122742CD7D81F00A6E69E /* Build configuration list for PBXNativeTarget "CurrencyConverter" */ = {
			isa = XCConfigurationList;
			buildConfigurations = (
				1FE122752CD7D81F00A6E69E /* Debug */,
				1FE122762CD7D81F00A6E69E /* Release */,
			);
			defaultConfigurationIsVisible = 0;
			defaultConfigurationName = Release;
		};
		1FE122772CD7D81F00A6E69E /* Build configuration list for PBXNativeTarget "CurrencyConverterTests" */ = {
			isa = XCConfigurationList;
			buildConfigurations = (
				1FE122782CD7D81F00A6E69E /* Debug */,
				1FE122792CD7D81F00A6E69E /* Release */,
			);
			defaultConfigurationIsVisible = 0;
			defaultConfigurationName = Release;
		};
		1FE1227A2CD7D81F00A6E69E /* Build configuration list for PBXNativeTarget "CurrencyConverterUITests" */ = {
			isa = XCConfigurationList;
			buildConfigurations = (
				1FE1227B2CD7D81F00A6E69E /* Debug */,
				1FE1227C2CD7D81F00A6E69E /* Release */,
			);
			defaultConfigurationIsVisible = 0;
			defaultConfigurationName = Release;
		};
/* End XCConfigurationList section */
	};
	rootObject = 1FE122482CD7D81E00A6E69E /* Project object */;
}
